
Microsoft Visual Studio Solution File, Format Version 12.00
# Visual Studio Version 17
VisualStudioVersion = 17.7.34009.444
MinimumVisualStudioVersion = 10.0.40219.1
Project("{FAE04EC0-301F-11D3-BF4B-00C04F79EFBC}") = "AppMetrics", "AppMetrics\AppMetrics.csproj", "{C38206D2-5A8D-4E4D-9430-DDDE5575AE67}"
EndProject
Global
	GlobalSection(SolutionConfigurationPlatforms) = preSolution
		Debug|Any CPU = Debug|Any CPU
		Release|Any CPU = Release|Any CPU
	EndGlobalSection
	GlobalSection(ProjectConfigurationPlatforms) = postSolution
		{C38206D2-5A8D-4E4D-9430-DDDE5575AE67}.Debug|Any CPU.ActiveCfg = Debug|Any CPU
		{C38206D2-5A8D-4E4D-9430-DDDE5575AE67}.Debug|Any CPU.Build.0 = Debug|Any CPU
		{C38206D2-5A8D-4E4D-9430-DDDE5575AE67}.Release|Any CPU.ActiveCfg = Release|Any CPU
		{C38206D2-5A8D-4E4D-9430-DDDE5575AE67}.Release|Any CPU.Build.0 = Release|Any CPU
	EndGlobalSection
	GlobalSection(SolutionProperties) = preSolution
		HideSolutionNode = FALSE
	EndGlobalSection
	GlobalSection(ExtensibilityGlobals) = postSolution
		SolutionGuid = {29F67A96-7C21-41E1-830E-A6CA6CEDB954}
	EndGlobalSection
EndGlobal
